
Microsoft Visual Studio Solution File, Format Version 12.00
# Visual Studio 15
VisualStudioVersion = 15.0.28307.168
MinimumVisualStudioVersion = 10.0.40219.1
Project("{FAE04EC0-301F-11D3-BF4B-00C04F79EFBC}") = "SudokuSolver", "SudokuSolver\SudokuSolver.csproj", "{D5A344CD-4CF8-4027-9BC3-5FFDD384E4F7}"
	ProjectSection(ProjectDependencies) = postProject
		{7299F7A4-833B-46C3-9997-447E9026948D} = {7299F7A4-833B-46C3-9997-447E9026948D}
	EndProjectSection
EndProject
Project("{FAE04EC0-301F-11D3-BF4B-00C04F79EFBC}") = "SudokuRulesEngine", "SudokuRulesEngine\SudokuRulesEngine.csproj", "{7299F7A4-833B-46C3-9997-447E9026948D}"
EndProject
Project("{9A19103F-16F7-4668-BE54-9A1E7A4F7556}") = "SudokuRulesEngineTests", "SudokuRulesEngineTests\SudokuRulesEngineTests.csproj", "{3DC5BFD6-A08D-4BDF-AD89-9E58C77F4559}"
EndProject
Project("{FAE04EC0-301F-11D3-BF4B-00C04F79EFBC}") = "SudokuSolverTests", "SudokuSolverTests\SudokuSolverTests.csproj", "{50C31D41-6199-466E-A76D-1254841F128D}"
EndProject
Global
	GlobalSection(SolutionConfigurationPlatforms) = preSolution
		Debug|Any CPU = Debug|Any CPU
		Release|Any CPU = Release|Any CPU
	EndGlobalSection
	GlobalSection(ProjectConfigurationPlatforms) = postSolution
		{D5A344CD-4CF8-4027-9BC3-5FFDD384E4F7}.Debug|Any CPU.ActiveCfg = Debug|Any CPU
		{D5A344CD-4CF8-4027-9BC3-5FFDD384E4F7}.Debug|Any CPU.Build.0 = Debug|Any CPU
		{D5A344CD-4CF8-4027-9BC3-5FFDD384E4F7}.Release|Any CPU.ActiveCfg = Release|Any CPU
		{D5A344CD-4CF8-4027-9BC3-5FFDD384E4F7}.Release|Any CPU.Build.0 = Release|Any CPU
		{7299F7A4-833B-46C3-9997-447E9026948D}.Debug|Any CPU.ActiveCfg = Debug|Any CPU
		{7299F7A4-833B-46C3-9997-447E9026948D}.Debug|Any CPU.Build.0 = Debug|Any CPU
		{7299F7A4-833B-46C3-9997-447E9026948D}.Release|Any CPU.ActiveCfg = Release|Any CPU
		{7299F7A4-833B-46C3-9997-447E9026948D}.Release|Any CPU.Build.0 = Release|Any CPU
		{3DC5BFD6-A08D-4BDF-AD89-9E58C77F4559}.Debug|Any CPU.ActiveCfg = Debug|Any CPU
		{3DC5BFD6-A08D-4BDF-AD89-9E58C77F4559}.Debug|Any CPU.Build.0 = Debug|Any CPU
		{3DC5BFD6-A08D-4BDF-AD89-9E58C77F4559}.Release|Any CPU.ActiveCfg = Release|Any CPU
		{3DC5BFD6-A08D-4BDF-AD89-9E58C77F4559}.Release|Any CPU.Build.0 = Release|Any CPU
		{50C31D41-6199-466E-A76D-1254841F128D}.Debug|Any CPU.ActiveCfg = Debug|Any CPU
		{50C31D41-6199-466E-A76D-1254841F128D}.Debug|Any CPU.Build.0 = Debug|Any CPU
		{50C31D41-6199-466E-A76D-1254841F128D}.Release|Any CPU.ActiveCfg = Release|Any CPU
		{50C31D41-6199-466E-A76D-1254841F128D}.Release|Any CPU.Build.0 = Release|Any CPU
	EndGlobalSection
	GlobalSection(SolutionProperties) = preSolution
		HideSolutionNode = FALSE
	EndGlobalSection
	GlobalSection(ExtensibilityGlobals) = postSolution
		SolutionGuid = {0D4BD1B4-E8EF-4116-9379-78EA816F03F2}
	EndGlobalSection
EndGlobal
